schema: '2.0'
stages:
  data_ingestion:
    cmd: python -m src.data_ingestion
    deps:
    - path: params.yaml
      hash: md5
      md5: e9563ccbfd02a7100831b35a8765db68
      size: 132
      isexec: true
    - path: src/data_ingestion.py
      hash: md5
      md5: af66843ef50d79515c1ea285ab282894
      size: 3652
      isexec: true
    outs:
    - path: data/raw/test_data.csv
      hash: md5
      md5: e656440aaeae44ffb3aa5b6ab4b0d781
      size: 95062
      isexec: true
    - path: data/raw/train_data.csv
      hash: md5
      md5: 5834df7d942ee44b5356aa91ca78f130
      size: 384210
      isexec: true
  data_preprocessing:
    cmd: python -m src.data_preprocessing
    deps:
    - path: data/raw/test_data.csv
      hash: md5
      md5: e656440aaeae44ffb3aa5b6ab4b0d781
      size: 95062
      isexec: true
    - path: data/raw/train_data.csv
      hash: md5
      md5: 5834df7d942ee44b5356aa91ca78f130
      size: 384210
      isexec: true
    - path: src/data_preprocessing.py
      hash: md5
      md5: e3c45558f5d76fe985e429aa6a27fa20
      size: 4061
      isexec: true
    outs:
    - path: data/interim/test_processed.csv
      hash: md5
      md5: 71d828e8812d9b391676e11269186580
      size: 57370
      isexec: true
    - path: data/interim/train_processed.csv
      hash: md5
      md5: 3fb266466fea3579f982aa7d2c3f7e47
      size: 213383
      isexec: true
  feature_engineering:
    cmd: python -m src.feature_engineering
    deps:
    - path: data/interim/test_processed.csv
      hash: md5
      md5: 71d828e8812d9b391676e11269186580
      size: 57370
      isexec: true
    - path: data/interim/train_processed.csv
      hash: md5
      md5: 3fb266466fea3579f982aa7d2c3f7e47
      size: 213383
      isexec: true
    - path: params.yaml
      hash: md5
      md5: e9563ccbfd02a7100831b35a8765db68
      size: 132
      isexec: true
    - path: src/feature_engineering.py
      hash: md5
      md5: b9252fc9466b6089ca3ccdacb4516f3d
      size: 4003
      isexec: true
    outs:
    - path: data/interim/vectorizer.pkl
      hash: md5
      md5: c3b66f443bba843cd92c4d1cb488efd2
      size: 107248
      isexec: true
    - path: data/processed/test_tfidf.csv
      hash: md5
      md5: bf7838e9093a6be255c88d4336c2e6bf
      size: 13340144
      isexec: true
    - path: data/processed/train_tfidf.csv
      hash: md5
      md5: e4ca31c2d403a06ad05c9fcb0c84890b
      size: 50292495
      isexec: true
  model_building:
    cmd: python -m src.model_building
    deps:
    - path: data/interim/vectorizer.pkl
      hash: md5
      md5: c3b66f443bba843cd92c4d1cb488efd2
      size: 107248
      isexec: true
    - path: data/processed/train_tfidf.csv
      hash: md5
      md5: e4ca31c2d403a06ad05c9fcb0c84890b
      size: 50292495
      isexec: true
    - path: params.yaml
      hash: md5
      md5: e9563ccbfd02a7100831b35a8765db68
      size: 132
      isexec: true
    - path: src/model_building.py
      hash: md5
      md5: 630f2b88624568934b2f00784542e1f6
      size: 4134
      isexec: true
    outs:
    - path: model/model.pkl
      hash: md5
      md5: 43f0f453e8dafc3adf036fef6c7ca4dc
      size: 15876220
      isexec: true
    - path: model/vectorizer.pkl
      hash: md5
      md5: c3b66f443bba843cd92c4d1cb488efd2
      size: 107248
      isexec: true
  model_evaluation:
    cmd: python -m src.model_evaluation
    deps:
    - path: data/processed/test_tfidf.csv
      hash: md5
      md5: bf7838e9093a6be255c88d4336c2e6bf
      size: 13340144
      isexec: true
    - path: model/model.pkl
      hash: md5
      md5: 43f0f453e8dafc3adf036fef6c7ca4dc
      size: 15876220
      isexec: true
    - path: params.yaml
      hash: md5
      md5: e9563ccbfd02a7100831b35a8765db68
      size: 132
      isexec: true
    - path: src/model_evaluation.py
      hash: md5
      md5: 4a389fbdb8262a152c515878c897e30f
      size: 4560
      isexec: true
    outs:
    - path: dvclive
      hash: md5
      md5: 8e15498379159b5d90272af603905111.dir
      size: 254
      nfiles: 5
    - path: reports/metrics.json
      hash: md5
      md5: 1d339f412c145ab363e4d4c8183fdc3b
      size: 125
      isexec: true
