schema: '2.0'
stages:
  data_ingestion:
    cmd: python -m src.data_ingestion
    deps:
    - path: params.yaml
      hash: md5
      md5: e9563ccbfd02a7100831b35a8765db68
      size: 132
      isexec: true
    - path: src/data_ingestion.py
      hash: md5
      md5: af66843ef50d79515c1ea285ab282894
      size: 3652
      isexec: true
    outs:
    - path: data/raw/test_data.csv
      hash: md5
      md5: e656440aaeae44ffb3aa5b6ab4b0d781
      size: 95062
      isexec: true
    - path: data/raw/train_data.csv
      hash: md5
      md5: 5834df7d942ee44b5356aa91ca78f130
      size: 384210
      isexec: true
  data_preprocessing:
    cmd: python -m src.data_preprocessing
    deps:
    - path: data/raw/test_data.csv
      hash: md5
      md5: e656440aaeae44ffb3aa5b6ab4b0d781
      size: 95062
      isexec: true
    - path: data/raw/train_data.csv
      hash: md5
      md5: 5834df7d942ee44b5356aa91ca78f130
      size: 384210
      isexec: true
    - path: src/data_preprocessing.py
      hash: md5
      md5: bd2f68dfbf16c60bc073b2e73b895018
      size: 4031
      isexec: true
    outs:
    - path: data/interim/test_processed.csv
      hash: md5
      md5: 71d828e8812d9b391676e11269186580
      size: 57370
      isexec: true
    - path: data/interim/train_processed.csv
      hash: md5
      md5: 3fb266466fea3579f982aa7d2c3f7e47
      size: 213383
      isexec: true
  feature_engineering:
    cmd: python src/feature_engineering.py
    deps:
    - path: data/interim
      hash: md5
      md5: 55e8aa84c32a8811b7f43ee7116cf28b.dir
      size: 266692
      nfiles: 2
    - path: src/feature_engineering.py
      hash: md5
      md5: 01994e8d9ffc4b365edbfc6fbdc26ad4
      size: 3797
      isexec: true
    params:
      params.yaml:
        feature_engineering.max_features: 70
    outs:
    - path: data/processed
      hash: md5
      md5: 4aefe88e2455925e9c861461d939e542.dir
      size: 1600619
      nfiles: 2
  model_building:
    cmd: python src/model_building.py
    deps:
    - path: data/processed
      hash: md5
      md5: 4aefe88e2455925e9c861461d939e542.dir
      size: 1600619
      nfiles: 2
    - path: src/model_building.py
      hash: md5
      md5: 77c025cb068578132c19a747b222ee47
      size: 3767
      isexec: true
    params:
      params.yaml:
        model_building.n_estimators: 60
        model_building.random_state: 5
    outs:
    - path: model/model.pkl
      hash: md5
      md5: 7862dc06421610cb8f9ede40c1bbd4d1
      size: 3044524
      isexec: true
  model_evaluation:
    cmd: python src/model_evaluation.py
    deps:
    - path: model/model.pkl
      hash: md5
      md5: 7862dc06421610cb8f9ede40c1bbd4d1
      size: 3044524
      isexec: true
    - path: src/model_evaluation.py
      hash: md5
      md5: 4a389fbdb8262a152c515878c897e30f
      size: 4560
      isexec: true
    outs:
    - path: reports/metrics.json
      hash: md5
      md5: a8444428e56f5d8214669ceaa255c674
      size: 125
      isexec: true
